
Microsoft Visual Studio Solution File, Format Version 12.00
# Visual Studio Version 16
VisualStudioVersion = 16.0.28803.156
MinimumVisualStudioVersion = 10.0.40219.1
Project("{FAE04EC0-301F-11D3-BF4B-00C04F79EFBC}") = "Grades", "Grades\Grades.csproj", "{98A0FFC3-9219-4FB1-BDCC-2F97E61B3FD9}"
EndProject
Project("{FAE04EC0-301F-11D3-BF4B-00C04F79EFBC}") = "Grades.Tests", "Grades.Tests\Grades.Tests.csproj", "{BC1243B3-C6CC-47DC-BBF8-89301BC6C126}"
EndProject
Global
	GlobalSection(SolutionConfigurationPlatforms) = preSolution
		Debug|Any CPU = Debug|Any CPU
		Release|Any CPU = Release|Any CPU
	EndGlobalSection
	GlobalSection(ProjectConfigurationPlatforms) = postSolution
		{98A0FFC3-9219-4FB1-BDCC-2F97E61B3FD9}.Debug|Any CPU.ActiveCfg = Debug|Any CPU
		{98A0FFC3-9219-4FB1-BDCC-2F97E61B3FD9}.Debug|Any CPU.Build.0 = Debug|Any CPU
		{98A0FFC3-9219-4FB1-BDCC-2F97E61B3FD9}.Release|Any CPU.ActiveCfg = Release|Any CPU
		{98A0FFC3-9219-4FB1-BDCC-2F97E61B3FD9}.Release|Any CPU.Build.0 = Release|Any CPU
		{BC1243B3-C6CC-47DC-BBF8-89301BC6C126}.Debug|Any CPU.ActiveCfg = Debug|Any CPU
		{BC1243B3-C6CC-47DC-BBF8-89301BC6C126}.Debug|Any CPU.Build.0 = Debug|Any CPU
		{BC1243B3-C6CC-47DC-BBF8-89301BC6C126}.Release|Any CPU.ActiveCfg = Release|Any CPU
		{BC1243B3-C6CC-47DC-BBF8-89301BC6C126}.Release|Any CPU.Build.0 = Release|Any CPU
	EndGlobalSection
	GlobalSection(SolutionProperties) = preSolution
		HideSolutionNode = FALSE
	EndGlobalSection
	GlobalSection(ExtensibilityGlobals) = postSolution
		SolutionGuid = {7B65122E-1A58-4915-AAA2-8E54EE6B935E}
	EndGlobalSection
EndGlobal
